
Microsoft Visual Studio Solution File, Format Version 12.00
# Visual Studio Version 17
VisualStudioVersion = 17.9.34728.123
MinimumVisualStudioVersion = 10.0.40219.1
Project("{FAE04EC0-301F-11D3-BF4B-00C04F79EFBC}") = "name-sorter", "NameSorter\name-sorter.csproj", "{0F9AEF8F-A911-44FB-A832-12342E0E8687}"
EndProject
Project("{FAE04EC0-301F-11D3-BF4B-00C04F79EFBC}") = "NameSorterTest", "NameSorterTest\NameSorterTest.csproj", "{10983F41-2CB8-41A8-BED8-45F8DD5332D3}"
EndProject
Global
	GlobalSection(SolutionConfigurationPlatforms) = preSolution
		Debug|Any CPU = Debug|Any CPU
		Release|Any CPU = Release|Any CPU
	EndGlobalSection
	GlobalSection(ProjectConfigurationPlatforms) = postSolution
		{0F9AEF8F-A911-44FB-A832-12342E0E8687}.Debug|Any CPU.ActiveCfg = Release|Any CPU
		{0F9AEF8F-A911-44FB-A832-12342E0E8687}.Debug|Any CPU.Build.0 = Release|Any CPU
		{0F9AEF8F-A911-44FB-A832-12342E0E8687}.Release|Any CPU.ActiveCfg = Release|Any CPU
		{0F9AEF8F-A911-44FB-A832-12342E0E8687}.Release|Any CPU.Build.0 = Release|Any CPU
		{10983F41-2CB8-41A8-BED8-45F8DD5332D3}.Debug|Any CPU.ActiveCfg = Debug|Any CPU
		{10983F41-2CB8-41A8-BED8-45F8DD5332D3}.Debug|Any CPU.Build.0 = Debug|Any CPU
		{10983F41-2CB8-41A8-BED8-45F8DD5332D3}.Release|Any CPU.ActiveCfg = Release|Any CPU
		{10983F41-2CB8-41A8-BED8-45F8DD5332D3}.Release|Any CPU.Build.0 = Release|Any CPU
	EndGlobalSection
	GlobalSection(SolutionProperties) = preSolution
		HideSolutionNode = FALSE
	EndGlobalSection
	GlobalSection(ExtensibilityGlobals) = postSolution
		SolutionGuid = {CE8DED38-067D-4484-877D-139237812D44}
	EndGlobalSection
EndGlobal
